
Microsoft Visual Studio Solution File, Format Version 12.00
# Visual Studio Version 17
VisualStudioVersion = 17.2.32602.215
MinimumVisualStudioVersion = 10.0.40219.1
Project("{FAE04EC0-301F-11D3-BF4B-00C04F79EFBC}") = "生成xml工具", "生成xml工具\生成xml工具.csproj", "{1FDBEF91-6E79-4616-8AA8-E681DB749B36}"
EndProject
Global
	GlobalSection(SolutionConfigurationPlatforms) = preSolution
		Debug|Any CPU = Debug|Any CPU
		Release|Any CPU = Release|Any CPU
	EndGlobalSection
	GlobalSection(ProjectConfigurationPlatforms) = postSolution
		{1FDBEF91-6E79-4616-8AA8-E681DB749B36}.Debug|Any CPU.ActiveCfg = Debug|Any CPU
		{1FDBEF91-6E79-4616-8AA8-E681DB749B36}.Debug|Any CPU.Build.0 = Debug|Any CPU
		{1FDBEF91-6E79-4616-8AA8-E681DB749B36}.Release|Any CPU.ActiveCfg = Release|Any CPU
		{1FDBEF91-6E79-4616-8AA8-E681DB749B36}.Release|Any CPU.Build.0 = Release|Any CPU
	EndGlobalSection
	GlobalSection(SolutionProperties) = preSolution
		HideSolutionNode = FALSE
	EndGlobalSection
	GlobalSection(ExtensibilityGlobals) = postSolution
		SolutionGuid = {311581B1-AAE5-4129-A1D5-B74F425A81EF}
	EndGlobalSection
EndGlobal
